
Microsoft Visual Studio Solution File, Format Version 11.00
# Visual Studio 2010
Project("{FAE04EC0-301F-11D3-BF4B-00C04F79EFBC}") = "Erp.Medico", "Erp.Medico\Erp.Medico.csproj", "{2C075705-7AD5-49C3-BA04-1BCE9252F4BD}"
	ProjectSection(ProjectDependencies) = postProject
		{2CDE2F73-71BE-4C27-A521-DBC3C830EC7E} = {2CDE2F73-71BE-4C27-A521-DBC3C830EC7E}
	EndProjectSection
EndProject
Project("{FAE04EC0-301F-11D3-BF4B-00C04F79EFBC}") = "Erp.Medico.Web", "Erp.Medico.Web\Erp.Medico.Web.csproj", "{2CDE2F73-71BE-4C27-A521-DBC3C830EC7E}"
EndProject
Project("{F088123C-0E9E-452A-89E6-6BA2F21D5CAC}") = "ERP.Medico.Modeling", "ERP.Medico.Modeling\ERP.Medico.Modeling.modelproj", "{A1E69A72-2CB4-43F2-93A1-AB90140F1352}"
EndProject
Global
	GlobalSection(SolutionConfigurationPlatforms) = preSolution
		Debug|Any CPU = Debug|Any CPU
		Release|Any CPU = Release|Any CPU
	EndGlobalSection
	GlobalSection(ProjectConfigurationPlatforms) = postSolution
		{2C075705-7AD5-49C3-BA04-1BCE9252F4BD}.Debug|Any CPU.ActiveCfg = Debug|Any CPU
		{2C075705-7AD5-49C3-BA04-1BCE9252F4BD}.Debug|Any CPU.Build.0 = Debug|Any CPU
		{2C075705-7AD5-49C3-BA04-1BCE9252F4BD}.Release|Any CPU.ActiveCfg = Release|Any CPU
		{2C075705-7AD5-49C3-BA04-1BCE9252F4BD}.Release|Any CPU.Build.0 = Release|Any CPU
		{2CDE2F73-71BE-4C27-A521-DBC3C830EC7E}.Debug|Any CPU.ActiveCfg = Debug|Any CPU
		{2CDE2F73-71BE-4C27-A521-DBC3C830EC7E}.Debug|Any CPU.Build.0 = Debug|Any CPU
		{2CDE2F73-71BE-4C27-A521-DBC3C830EC7E}.Release|Any CPU.ActiveCfg = Release|Any CPU
		{2CDE2F73-71BE-4C27-A521-DBC3C830EC7E}.Release|Any CPU.Build.0 = Release|Any CPU
		{A1E69A72-2CB4-43F2-93A1-AB90140F1352}.Debug|Any CPU.ActiveCfg = Debug|Any CPU
		{A1E69A72-2CB4-43F2-93A1-AB90140F1352}.Debug|Any CPU.Build.0 = Debug|Any CPU
		{A1E69A72-2CB4-43F2-93A1-AB90140F1352}.Release|Any CPU.ActiveCfg = Release|Any CPU
		{A1E69A72-2CB4-43F2-93A1-AB90140F1352}.Release|Any CPU.Build.0 = Release|Any CPU
	EndGlobalSection
	GlobalSection(SolutionProperties) = preSolution
		HideSolutionNode = FALSE
	EndGlobalSection
EndGlobal
